// !$*UTF8*$!
{
	archiveVersion = 1;
	classes = {
	};
	objectVersion = 46;
	objects = {

/* Begin PBXBuildFile section */
		A7FBB1761A6A3B8B006B8516 /* AppDelegate.m in Sources */ = {isa = PBXBuildFile; fileRef = A7FBB1751A6A3B8B006B8516 /* AppDelegate.m */; };
		A7FBB1781A6A3B8B006B8516 /* main.m in Sources */ = {isa = PBXBuildFile; fileRef = A7FBB1771A6A3B8B006B8516 /* main.m */; };
		A7FBB17B1A6A3B8B006B8516 /* ViewController.m in Sources */ = {isa = PBXBuildFile; fileRef = A7FBB17A1A6A3B8B006B8516 /* ViewController.m */; };
		A7FBB17D1A6A3B8B006B8516 /* Images.xcassets in Resources */ = {isa = PBXBuildFile; fileRef = A7FBB17C1A6A3B8B006B8516 /* Images.xcassets */; };
		A7FBB1801A6A3B8B006B8516 /* Main.storyboard in Resources */ = {isa = PBXBuildFile; fileRef = A7FBB17E1A6A3B8B006B8516 /* Main.storyboard */; };
		A7FBB18C1A6A3B8B006B8516 /* BrowsrTests.m in Sources */ = {isa = PBXBuildFile; fileRef = A7FBB18B1A6A3B8B006B8516 /* BrowsrTests.m */; };
/* End PBXBuildFile section */

/* Begin PBXContainerItemProxy section */
		A7FBB1861A6A3B8B006B8516 /* PBXContainerItemProxy */ = {
			isa = PBXContainerItemProxy;
			containerPortal = A7FBB1671A6A3B8B006B8516 /* Project object */;
			proxyType = 1;
			remoteGlobalIDString = A7FBB16E1A6A3B8B006B8516;
			remoteInfo = Browsr;
		};
/* End PBXContainerItemProxy section */

/* Begin PBXFileReference section */
		A7FBB16F1A6A3B8B006B8516 /* Browsr.app */ = {isa = PBXFileReference; explicitFileType = wrapper.application; includeInIndex = 0; path = Browsr.app; sourceTree = BUILT_PRODUCTS_DIR; };
		A7FBB1731A6A3B8B006B8516 /* Info.plist */ = {isa = PBXFileReference; lastKnownFileType = text.plist.xml; path = Info.plist; sourceTree = "<group>"; };
		A7FBB1741A6A3B8B006B8516 /* AppDelegate.h */ = {isa = PBXFileReference; lastKnownFileType = sourcecode.c.h; path = AppDelegate.h; sourceTree = "<group>"; };
		A7FBB1751A6A3B8B006B8516 /* AppDelegate.m */ = {isa = PBXFileReference; lastKnownFileType = sourcecode.c.objc; path = AppDelegate.m; sourceTree = "<group>"; };
		A7FBB1771A6A3B8B006B8516 /* main.m */ = {isa = PBXFileReference; lastKnownFileType = sourcecode.c.objc; path = main.m; sourceTree = "<group>"; };
		A7FBB1791A6A3B8B006B8516 /* ViewController.h */ = {isa = PBXFileReference; lastKnownFileType = sourcecode.c.h; path = ViewController.h; sourceTree = "<group>"; };
		A7FBB17A1A6A3B8B006B8516 /* ViewController.m */ = {isa = PBXFileReference; lastKnownFileType = sourcecode.c.objc; path = ViewController.m; sourceTree = "<group>"; };
		A7FBB17C1A6A3B8B006B8516 /* Images.xcassets */ = {isa = PBXFileReference; lastKnownFileType = folder.assetcatalog; path = Images.xcassets; sourceTree = "<group>"; };
		A7FBB17F1A6A3B8B006B8516 /* Base */ = {isa = PBXFileReference; lastKnownFileType = file.storyboard; name = Base; path = Base.lproj/Main.storyboard; sourceTree = "<group>"; };
		A7FBB1851A6A3B8B006B8516 /* BrowsrTests.xctest */ = {isa = PBXFileReference; explicitFileType = wrapper.cfbundle; includeInIndex = 0; path = BrowsrTests.xctest; sourceTree = BUILT_PRODUCTS_DIR; };
		A7FBB18A1A6A3B8B006B8516 /* Info.plist */ = {isa = PBXFileReference; lastKnownFileType = text.plist.xml; path = Info.plist; sourceTree = "<group>"; };
		A7FBB18B1A6A3B8B006B8516 /* BrowsrTests.m */ = {isa = PBXFileReference; lastKnownFileType = sourcecode.c.objc; path = BrowsrTests.m; sourceTree = "<group>"; };
/* End PBXFileReference section */

/* Begin PBXFrameworksBuildPhase section */
		A7FBB16C1A6A3B8B006B8516 /* Frameworks */ = {
			isa = PBXFrameworksBuildPhase;
			buildActionMask = 2147483647;
			files = (
			);
			runOnlyForDeploymentPostprocessing = 0;
		};
		A7FBB1821A6A3B8B006B8516 /* Frameworks */ = {
			isa = PBXFrameworksBuildPhase;
			buildActionMask = 2147483647;
			files = (
			);
			runOnlyForDeploymentPostprocessing = 0;
		};
/* End PBXFrameworksBuildPhase section */

/* Begin PBXGroup section */
		A7FBB1661A6A3B8B006B8516 = {
			isa = PBXGroup;
			children = (
				A7FBB1711A6A3B8B006B8516 /* Browsr */,
				A7FBB1881A6A3B8B006B8516 /* BrowsrTests */,
				A7FBB1701A6A3B8B006B8516 /* Products */,
			);
			sourceTree = "<group>";
		};
		A7FBB1701A6A3B8B006B8516 /* Products */ = {
			isa = PBXGroup;
			children = (
				A7FBB16F1A6A3B8B006B8516 /* Browsr.app */,
				A7FBB1851A6A3B8B006B8516 /* BrowsrTests.xctest */,
			);
			name = Products;
			sourceTree = "<group>";
		};
		A7FBB1711A6A3B8B006B8516 /* Browsr */ = {
			isa = PBXGroup;
			children = (
				A7FBB1741A6A3B8B006B8516 /* AppDelegate.h */,
				A7FBB1751A6A3B8B006B8516 /* AppDelegate.m */,
				A7FBB1791A6A3B8B006B8516 /* ViewController.h */,
				A7FBB17A1A6A3B8B006B8516 /* ViewController.m */,
				A7FBB17C1A6A3B8B006B8516 /* Images.xcassets */,
				A7FBB17E1A6A3B8B006B8516 /* Main.storyboard */,
				A7FBB1721A6A3B8B006B8516 /* Supporting Files */,
			);
			path = Browsr;
			sourceTree = "<group>";
		};
		A7FBB1721A6A3B8B006B8516 /* Supporting Files */ = {
			isa = PBXGroup;
			children = (
				A7FBB1731A6A3B8B006B8516 /* Info.plist */,
				A7FBB1771A6A3B8B006B8516 /* main.m */,
			);
			name = "Supporting Files";
			sourceTree = "<group>";
		};
		A7FBB1881A6A3B8B006B8516 /* BrowsrTests */ = {
			isa = PBXGroup;
			children = (
				A7FBB18B1A6A3B8B006B8516 /* BrowsrTests.m */,
				A7FBB1891A6A3B8B006B8516 /* Supporting Files */,
			);
			path = BrowsrTests;
			sourceTree = "<group>";
		};
		A7FBB1891A6A3B8B006B8516 /* Supporting Files */ = {
			isa = PBXGroup;
			children = (
				A7FBB18A1A6A3B8B006B8516 /* Info.plist */,
			);
			name = "Supporting Files";
			sourceTree = "<group>";
		};
/* End PBXGroup section */

/* Begin PBXNativeTarget section */
		A7FBB16E1A6A3B8B006B8516 /* Browsr */ = {
			isa = PBXNativeTarget;
			buildConfigurationList = A7FBB18F1A6A3B8B006B8516 /* Build configuration list for PBXNativeTarget "Browsr" */;
			buildPhases = (
				A7FBB16B1A6A3B8B006B8516 /* Sources */,
				A7FBB16C1A6A3B8B006B8516 /* Frameworks */,
				A7FBB16D1A6A3B8B006B8516 /* Resources */,
			);
			buildRules = (
			);
			dependencies = (
			);
			name = Browsr;
			productName = Browsr;
			productReference = A7FBB16F1A6A3B8B006B8516 /* Browsr.app */;
			productType = "com.apple.product-type.application";
		};
		A7FBB1841A6A3B8B006B8516 /* BrowsrTests */ = {
			isa = PBXNativeTarget;
			buildConfigurationList = A7FBB1921A6A3B8B006B8516 /* Build configuration list for PBXNativeTarget "BrowsrTests" */;
			buildPhases = (
				A7FBB1811A6A3B8B006B8516 /* Sources */,
				A7FBB1821A6A3B8B006B8516 /* Frameworks */,
				A7FBB1831A6A3B8B006B8516 /* Resources */,
			);
			buildRules = (
			);
			dependencies = (
				A7FBB1871A6A3B8B006B8516 /* PBXTargetDependency */,
			);
			name = BrowsrTests;
			productName = BrowsrTests;
			productReference = A7FBB1851A6A3B8B006B8516 /* BrowsrTests.xctest */;
			productType = "com.apple.product-type.bundle.unit-test";
		};
/* End PBXNativeTarget section */

/* Begin PBXProject section */
		A7FBB1671A6A3B8B006B8516 /* Project object */ = {
			isa = PBXProject;
			attributes = {
				LastUpgradeCheck = 0610;
				ORGANIZATIONNAME = "Jason Brooks";
				TargetAttributes = {
					A7FBB16E1A6A3B8B006B8516 = {
						CreatedOnToolsVersion = 6.1.1;
					};
					A7FBB1841A6A3B8B006B8516 = {
						CreatedOnToolsVersion = 6.1.1;
						TestTargetID = A7FBB16E1A6A3B8B006B8516;
					};
				};
			};
			buildConfigurationList = A7FBB16A1A6A3B8B006B8516 /* Build configuration list for PBXProject "Browsr" */;
			compatibilityVersion = "Xcode 3.2";
			developmentRegion = English;
			hasScannedForEncodings = 0;
			knownRegions = (
				en,
				Base,
			);
			mainGroup = A7FBB1661A6A3B8B006B8516;
			productRefGroup = A7FBB1701A6A3B8B006B8516 /* Products */;
			projectDirPath = "";
			projectRoot = "";
			targets = (
				A7FBB16E1A6A3B8B006B8516 /* Browsr */,
				A7FBB1841A6A3B8B006B8516 /* BrowsrTests */,
			);
		};
/* End PBXProject section */

/* Begin PBXResourcesBuildPhase section */
		A7FBB16D1A6A3B8B006B8516 /* Resources */ = {
			isa = PBXResourcesBuildPhase;
			buildActionMask = 2147483647;
			files = (
				A7FBB17D1A6A3B8B006B8516 /* Images.xcassets in Resources */,
				A7FBB1801A6A3B8B006B8516 /* Main.storyboard in Resources */,
			);
			runOnlyForDeploymentPostprocessing = 0;
		};
		A7FBB1831A6A3B8B006B8516 /* Resources */ = {
			isa = PBXResourcesBuildPhase;
			buildActionMask = 2147483647;
			files = (
			);
			runOnlyForDeploymentPostprocessing = 0;
		};
/* End PBXResourcesBuildPhase section */

/* Begin PBXSourcesBuildPhase section */
		A7FBB16B1A6A3B8B006B8516 /* Sources */ = {
			isa = PBXSourcesBuildPhase;
			buildActionMask = 2147483647;
			files = (
				A7FBB17B1A6A3B8B006B8516 /* ViewController.m in Sources */,
				A7FBB1781A6A3B8B006B8516 /* main.m in Sources */,
				A7FBB1761A6A3B8B006B8516 /* AppDelegate.m in Sources */,
			);
			runOnlyForDeploymentPostprocessing = 0;
		};
		A7FBB1811A6A3B8B006B8516 /* Sources */ = {
			isa = PBXSourcesBuildPhase;
			buildActionMask = 2147483647;
			files = (
				A7FBB18C1A6A3B8B006B8516 /* BrowsrTests.m in Sources */,
			);
			runOnlyForDeploymentPostprocessing = 0;
		};
/* End PBXSourcesBuildPhase section */

/* Begin PBXTargetDependency section */
		A7FBB1871A6A3B8B006B8516 /* PBXTargetDependency */ = {
			isa = PBXTargetDependency;
			target = A7FBB16E1A6A3B8B006B8516 /* Browsr */;
			targetProxy = A7FBB1861A6A3B8B006B8516 /* PBXContainerItemProxy */;
		};
/* End PBXTargetDependency section */

/* Begin PBXVariantGroup section */
		A7FBB17E1A6A3B8B006B8516 /* Main.storyboard */ = {
			isa = PBXVariantGroup;
			children = (
				A7FBB17F1A6A3B8B006B8516 /* Base */,
			);
			name = Main.storyboard;
			sourceTree = "<group>";
		};
/* End PBXVariantGroup section */

/* Begin XCBuildConfiguration section */
		A7FBB18D1A6A3B8B006B8516 /* Debug */ = {
			isa = XCBuildConfiguration;
			buildSettings = {
				ALWAYS_SEARCH_USER_PATHS = NO;
				CLANG_CXX_LANGUAGE_STANDARD = "gnu++0x";
				CLANG_CXX_LIBRARY = "libc++";
				CLANG_ENABLE_MODULES = YES;
				CLANG_ENABLE_OBJC_ARC = YES;
				CLANG_WARN_BOOL_CONVERSION = YES;
				CLANG_WARN_CONSTANT_CONVERSION = YES;
				CLANG_WARN_DIRECT_OBJC_ISA_USAGE = YES_ERROR;
				CLANG_WARN_EMPTY_BODY = YES;
				CLANG_WARN_ENUM_CONVERSION = YES;
				CLANG_WARN_INT_CONVERSION = YES;
				CLANG_WARN_OBJC_ROOT_CLASS = YES_ERROR;
				CLANG_WARN_UNREACHABLE_CODE = YES;
				CLANG_WARN__DUPLICATE_METHOD_MATCH = YES;
				CODE_SIGN_IDENTITY = "-";
				COPY_PHASE_STRIP = NO;
				ENABLE_STRICT_OBJC_MSGSEND = YES;
				GCC_C_LANGUAGE_STANDARD = gnu99;
				GCC_DYNAMIC_NO_PIC = NO;
				GCC_OPTIMIZATION_LEVEL = 0;
				GCC_PREPROCESSOR_DEFINITIONS = (
					"DEBUG=1",
					"$(inherited)",
				);
				GCC_SYMBOLS_PRIVATE_EXTERN = NO;
				GCC_WARN_64_TO_32_BIT_CONVERSION = YES;
				GCC_WARN_ABOUT_RETURN_TYPE = YES_ERROR;
				GCC_WARN_UNDECLARED_SELECTOR = YES;
				GCC_WARN_UNINITIALIZED_AUTOS = YES_AGGRESSIVE;
				GCC_WARN_UNUSED_FUNCTION = YES;
				GCC_WARN_UNUSED_VARIABLE = YES;
				MACOSX_DEPLOYMENT_TARGET = 10.10;
				MTL_ENABLE_DEBUG_INFO = YES;
				ONLY_ACTIVE_ARCH = YES;
				SDKROOT = macosx;
			};
			name = Debug;
		};
		A7FBB18E1A6A3B8B006B8516 /* Release */ = {
			isa = XCBuildConfiguration;
			buildSettings = {
				ALWAYS_SEARCH_USER_PATHS = NO;
				CLANG_CXX_LANGUAGE_STANDARD = "gnu++0x";
				CLANG_CXX_LIBRARY = "libc++";
				CLANG_ENABLE_MODULES = YES;
				CLANG_ENABLE_OBJC_ARC = YES;
				CLANG_WARN_BOOL_CONVERSION = YES;
				CLANG_WARN_CONSTANT_CONVERSION = YES;
				CLANG_WARN_DIRECT_OBJC_ISA_USAGE = YES_ERROR;
				CLANG_WARN_EMPTY_BODY = YES;
				CLANG_WARN_ENUM_CONVERSION = YES;
				CLANG_WARN_INT_CONVERSION = YES;
				CLANG_WARN_OBJC_ROOT_CLASS = YES_ERROR;
				CLANG_WARN_UNREACHABLE_CODE = YES;
				CLANG_WARN__DUPLICATE_METHOD_MATCH = YES;
				CODE_SIGN_IDENTITY = "-";
				COPY_PHASE_STRIP = YES;
				DEBUG_INFORMATION_FORMAT = "dwarf-with-dsym";
				ENABLE_NS_ASSERTIONS = NO;
				ENABLE_STRICT_OBJC_MSGSEND = YES;
				GCC_C_LANGUAGE_STANDARD = gnu99;
				GCC_WARN_64_TO_32_BIT_CONVERSION = YES;
				GCC_WARN_ABOUT_RETURN_TYPE = YES_ERROR;
				GCC_WARN_UNDECLARED_SELECTOR = YES;
				GCC_WARN_UNINITIALIZED_AUTOS = YES_AGGRESSIVE;
				GCC_WARN_UNUSED_FUNCTION = YES;
				GCC_WARN_UNUSED_VARIABLE = YES;
				MACOSX_DEPLOYMENT_TARGET = 10.10;
				MTL_ENABLE_DEBUG_INFO = NO;
				SDKROOT = macosx;
			};
			name = Release;
		};
		A7FBB1901A6A3B8B006B8516 /* Debug */ = {
			isa = XCBuildConfiguration;
			buildSettings = {
				ASSETCATALOG_COMPILER_APPICON_NAME = AppIcon;
				COMBINE_HIDPI_IMAGES = YES;
				INFOPLIST_FILE = Browsr/Info.plist;
				LD_RUNPATH_SEARCH_PATHS = "$(inherited) @executable_path/../Frameworks";
				PRODUCT_NAME = "$(TARGET_NAME)";
			};
			name = Debug;
		};
		A7FBB1911A6A3B8B006B8516 /* Release */ = {
			isa = XCBuildConfiguration;
			buildSettings = {
				ASSETCATALOG_COMPILER_APPICON_NAME = AppIcon;
				COMBINE_HIDPI_IMAGES = YES;
				INFOPLIST_FILE = Browsr/Info.plist;
				LD_RUNPATH_SEARCH_PATHS = "$(inherited) @executable_path/../Frameworks";
				PRODUCT_NAME = "$(TARGET_NAME)";
			};
			name = Release;
		};
		A7FBB1931A6A3B8B006B8516 /* Debug */ = {
			isa = XCBuildConfiguration;
			buildSettings = {
				BUNDLE_LOADER = "$(TEST_HOST)";
				COMBINE_HIDPI_IMAGES = YES;
				FRAMEWORK_SEARCH_PATHS = (
					"$(DEVELOPER_FRAMEWORKS_DIR)",
					"$(inherited)",
				);
				GCC_PREPROCESSOR_DEFINITIONS = (
					"DEBUG=1",
					"$(inherited)",
				);
				INFOPLIST_FILE = BrowsrTests/Info.plist;
				LD_RUNPATH_SEARCH_PATHS = "$(inherited) @executable_path/../Frameworks @loader_path/../Frameworks";
				PRODUCT_NAME = "$(TARGET_NAME)";
				TEST_HOST = "$(BUILT_PRODUCTS_DIR)/Browsr.app/Contents/MacOS/Browsr";
			};
			name = Debug;
		};
		A7FBB1941A6A3B8B006B8516 /* Release */ = {
			isa = XCBuildConfiguration;
			buildSettings = {
				BUNDLE_LOADER = "$(TEST_HOST)";
				COMBINE_HIDPI_IMAGES = YES;
				FRAMEWORK_SEARCH_PATHS = (
					"$(DEVELOPER_FRAMEWORKS_DIR)",
					"$(inherited)",
				);
				INFOPLIST_FILE = BrowsrTests/Info.plist;
				LD_RUNPATH_SEARCH_PATHS = "$(inherited) @executable_path/../Frameworks @loader_path/../Frameworks";
				PRODUCT_NAME = "$(TARGET_NAME)";
				TEST_HOST = "$(BUILT_PRODUCTS_DIR)/Browsr.app/Contents/MacOS/Browsr";
			};
			name = Release;
		};
/* End XCBuildConfiguration section */

/* Begin XCConfigurationList section */
		A7FBB16A1A6A3B8B006B8516 /* Build configuration list for PBXProject "Browsr" */ = {
			isa = XCConfigurationList;
			buildConfigurations = (
				A7FBB18D1A6A3B8B006B8516 /* Debug */,
				A7FBB18E1A6A3B8B006B8516 /* Release */,
			);
			defaultConfigurationIsVisible = 0;
			defaultConfigurationName = Release;
		};
		A7FBB18F1A6A3B8B006B8516 /* Build configuration list for PBXNativeTarget "Browsr" */ = {
			isa = XCConfigurationList;
			buildConfigurations = (
				A7FBB1901A6A3B8B006B8516 /* Debug */,
				A7FBB1911A6A3B8B006B8516 /* Release */,
			);
			defaultConfigurationIsVisible = 0;
		};
		A7FBB1921A6A3B8B006B8516 /* Build configuration list for PBXNativeTarget "BrowsrTests" */ = {
			isa = XCConfigurationList;
			buildConfigurations = (
				A7FBB1931A6A3B8B006B8516 /* Debug */,
				A7FBB1941A6A3B8B006B8516 /* Release */,
			);
			defaultConfigurationIsVisible = 0;
		};
/* End XCConfigurationList section */
	};
	rootObject = A7FBB1671A6A3B8B006B8516 /* Project object */;
}
